// !$*UTF8*$!
{
	archiveVersion = 1;
	classes = {
	};
	objectVersion = 77;
	objects = {

/* Begin PBXContainerItemProxy section */
		CDEDF54B2D87AC6900BC7233 /* PBXContainerItemProxy */ = {
			isa = PBXContainerItemProxy;
			containerPortal = CDEDF5322D87AC6700BC7233 /* Project object */;
			proxyType = 1;
			remoteGlobalIDString = CDEDF5392D87AC6700BC7233;
			remoteInfo = AppPruebasSwiftDesarrollo;
		};
		CDEDF5552D87AC6900BC7233 /* PBXContainerItemProxy */ = {
			isa = PBXContainerItemProxy;
			containerPortal = CDEDF5322D87AC6700BC7233 /* Project object */;
			proxyType = 1;
			remoteGlobalIDString = CDEDF5392D87AC6700BC7233;
			remoteInfo = AppPruebasSwiftDesarrollo;
		};
/* End PBXContainerItemProxy section */

/* Begin PBXFileReference section */
		CDEDF53A2D87AC6700BC7233 /* AppPruebasSwiftDesarrollo.app */ = {isa = PBXFileReference; explicitFileType = wrapper.application; includeInIndex = 0; path = AppPruebasSwiftDesarrollo.app; sourceTree = BUILT_PRODUCTS_DIR; };
		CDEDF54A2D87AC6900BC7233 /* AppPruebasSwiftDesarrolloTests.xctest */ = {isa = PBXFileReference; explicitFileType = wrapper.cfbundle; includeInIndex = 0; path = AppPruebasSwiftDesarrolloTests.xctest; sourceTree = BUILT_PRODUCTS_DIR; };
		CDEDF5542D87AC6900BC7233 /* AppPruebasSwiftDesarrolloUITests.xctest */ = {isa = PBXFileReference; explicitFileType = wrapper.cfbundle; includeInIndex = 0; path = AppPruebasSwiftDesarrolloUITests.xctest; sourceTree = BUILT_PRODUCTS_DIR; };
/* End PBXFileReference section */

/* Begin PBXFileSystemSynchronizedRootGroup section */
		CDD840282D8901CC00C4F212 /* Playgrounds */ = {
			isa = PBXFileSystemSynchronizedRootGroup;
			path = Playgrounds;
			sourceTree = "<group>";
		};
		CDEDF53C2D87AC6700BC7233 /* AppPruebasSwiftDesarrollo */ = {
			isa = PBXFileSystemSynchronizedRootGroup;
			path = AppPruebasSwiftDesarrollo;
			sourceTree = "<group>";
		};
		CDEDF54D2D87AC6900BC7233 /* AppPruebasSwiftDesarrolloTests */ = {
			isa = PBXFileSystemSynchronizedRootGroup;
			path = AppPruebasSwiftDesarrolloTests;
			sourceTree = "<group>";
		};
		CDEDF5572D87AC6900BC7233 /* AppPruebasSwiftDesarrolloUITests */ = {
			isa = PBXFileSystemSynchronizedRootGroup;
			path = AppPruebasSwiftDesarrolloUITests;
			sourceTree = "<group>";
		};
/* End PBXFileSystemSynchronizedRootGroup section */

/* Begin PBXFrameworksBuildPhase section */
		CDEDF5372D87AC6700BC7233 /* Frameworks */ = {
			isa = PBXFrameworksBuildPhase;
			buildActionMask = 2147483647;
			files = (
			);
			runOnlyForDeploymentPostprocessing = 0;
		};
		CDEDF5472D87AC6900BC7233 /* Frameworks */ = {
			isa = PBXFrameworksBuildPhase;
			buildActionMask = 2147483647;
			files = (
			);
			runOnlyForDeploymentPostprocessing = 0;
		};
		CDEDF5512D87AC6900BC7233 /* Frameworks */ = {
			isa = PBXFrameworksBuildPhase;
			buildActionMask = 2147483647;
			files = (
			);
			runOnlyForDeploymentPostprocessing = 0;
		};
/* End PBXFrameworksBuildPhase section */

/* Begin PBXGroup section */
		CDEDF5312D87AC6700BC7233 = {
			isa = PBXGroup;
			children = (
				CDEDF53C2D87AC6700BC7233 /* AppPruebasSwiftDesarrollo */,
				CDEDF54D2D87AC6900BC7233 /* AppPruebasSwiftDesarrolloTests */,
				CDEDF5572D87AC6900BC7233 /* AppPruebasSwiftDesarrolloUITests */,
				CDEDF53B2D87AC6700BC7233 /* Products */,
				CDD840282D8901CC00C4F212 /* Playgrounds */,
			);
			sourceTree = "<group>";
		};
		CDEDF53B2D87AC6700BC7233 /* Products */ = {
			isa = PBXGroup;
			children = (
				CDEDF53A2D87AC6700BC7233 /* AppPruebasSwiftDesarrollo.app */,
				CDEDF54A2D87AC6900BC7233 /* AppPruebasSwiftDesarrolloTests.xctest */,
				CDEDF5542D87AC6900BC7233 /* AppPruebasSwiftDesarrolloUITests.xctest */,
			);
			name = Products;
			sourceTree = "<group>";
		};
/* End PBXGroup section */

/* Begin PBXNativeTarget section */
		CDEDF5392D87AC6700BC7233 /* AppPruebasSwiftDesarrollo */ = {
			isa = PBXNativeTarget;
			buildConfigurationList = CDEDF55E2D87AC6900BC7233 /* Build configuration list for PBXNativeTarget "AppPruebasSwiftDesarrollo" */;
			buildPhases = (
				CDEDF5362D87AC6700BC7233 /* Sources */,
				CDEDF5372D87AC6700BC7233 /* Frameworks */,
				CDEDF5382D87AC6700BC7233 /* Resources */,
			);
			buildRules = (
			);
			dependencies = (
			);
			fileSystemSynchronizedGroups = (
				CDD840282D8901CC00C4F212 /* Playgrounds */,
				CDEDF53C2D87AC6700BC7233 /* AppPruebasSwiftDesarrollo */,
			);
			name = AppPruebasSwiftDesarrollo;
			packageProductDependencies = (
			);
			productName = AppPruebasSwiftDesarrollo;
			productReference = CDEDF53A2D87AC6700BC7233 /* AppPruebasSwiftDesarrollo.app */;
			productType = "com.apple.product-type.application";
		};
		CDEDF5492D87AC6900BC7233 /* AppPruebasSwiftDesarrolloTests */ = {
			isa = PBXNativeTarget;
			buildConfigurationList = CDEDF5612D87AC6900BC7233 /* Build configuration list for PBXNativeTarget "AppPruebasSwiftDesarrolloTests" */;
			buildPhases = (
				CDEDF5462D87AC6900BC7233 /* Sources */,
				CDEDF5472D87AC6900BC7233 /* Frameworks */,
				CDEDF5482D87AC6900BC7233 /* Resources */,
			);
			buildRules = (
			);
			dependencies = (
				CDEDF54C2D87AC6900BC7233 /* PBXTargetDependency */,
			);
			fileSystemSynchronizedGroups = (
				CDEDF54D2D87AC6900BC7233 /* AppPruebasSwiftDesarrolloTests */,
			);
			name = AppPruebasSwiftDesarrolloTests;
			packageProductDependencies = (
			);
			productName = AppPruebasSwiftDesarrolloTests;
			productReference = CDEDF54A2D87AC6900BC7233 /* AppPruebasSwiftDesarrolloTests.xctest */;
			productType = "com.apple.product-type.bundle.unit-test";
		};
		CDEDF5532D87AC6900BC7233 /* AppPruebasSwiftDesarrolloUITests */ = {
			isa = PBXNativeTarget;
			buildConfigurationList = CDEDF5642D87AC6900BC7233 /* Build configuration list for PBXNativeTarget "AppPruebasSwiftDesarrolloUITests" */;
			buildPhases = (
				CDEDF5502D87AC6900BC7233 /* Sources */,
				CDEDF5512D87AC6900BC7233 /* Frameworks */,
				CDEDF5522D87AC6900BC7233 /* Resources */,
			);
			buildRules = (
			);
			dependencies = (
				CDEDF5562D87AC6900BC7233 /* PBXTargetDependency */,
			);
			fileSystemSynchronizedGroups = (
				CDEDF5572D87AC6900BC7233 /* AppPruebasSwiftDesarrolloUITests */,
			);
			name = AppPruebasSwiftDesarrolloUITests;
			packageProductDependencies = (
			);
			productName = AppPruebasSwiftDesarrolloUITests;
			productReference = CDEDF5542D87AC6900BC7233 /* AppPruebasSwiftDesarrolloUITests.xctest */;
			productType = "com.apple.product-type.bundle.ui-testing";
		};
/* End PBXNativeTarget section */

/* Begin PBXProject section */
		CDEDF5322D87AC6700BC7233 /* Project object */ = {
			isa = PBXProject;
			attributes = {
				BuildIndependentTargetsInParallel = 1;
				LastSwiftUpdateCheck = 1620;
				LastUpgradeCheck = 1620;
				TargetAttributes = {
					CDEDF5392D87AC6700BC7233 = {
						CreatedOnToolsVersion = 16.2;
					};
					CDEDF5492D87AC6900BC7233 = {
						CreatedOnToolsVersion = 16.2;
						TestTargetID = CDEDF5392D87AC6700BC7233;
					};
					CDEDF5532D87AC6900BC7233 = {
						CreatedOnToolsVersion = 16.2;
						TestTargetID = CDEDF5392D87AC6700BC7233;
					};
				};
			};
			buildConfigurationList = CDEDF5352D87AC6700BC7233 /* Build configuration list for PBXProject "AppPruebasSwiftDesarrollo" */;
			developmentRegion = en;
			hasScannedForEncodings = 0;
			knownRegions = (
				en,
				Base,
			);
			mainGroup = CDEDF5312D87AC6700BC7233;
			minimizedProjectReferenceProxies = 1;
			preferredProjectObjectVersion = 77;
			productRefGroup = CDEDF53B2D87AC6700BC7233 /* Products */;
			projectDirPath = "";
			projectRoot = "";
			targets = (
				CDEDF5392D87AC6700BC7233 /* AppPruebasSwiftDesarrollo */,
				CDEDF5492D87AC6900BC7233 /* AppPruebasSwiftDesarrolloTests */,
				CDEDF5532D87AC6900BC7233 /* AppPruebasSwiftDesarrolloUITests */,
			);
		};
/* End PBXProject section */

/* Begin PBXResourcesBuildPhase section */
		CDEDF5382D87AC6700BC7233 /* Resources */ = {
			isa = PBXResourcesBuildPhase;
			buildActionMask = 2147483647;
			files = (
			);
			runOnlyForDeploymentPostprocessing = 0;
		};
		CDEDF5482D87AC6900BC7233 /* Resources */ = {
			isa = PBXResourcesBuildPhase;
			buildActionMask = 2147483647;
			files = (
			);
			runOnlyForDeploymentPostprocessing = 0;
		};
		CDEDF5522D87AC6900BC7233 /* Resources */ = {
			isa = PBXResourcesBuildPhase;
			buildActionMask = 2147483647;
			files = (
			);
			runOnlyForDeploymentPostprocessing = 0;
		};
/* End PBXResourcesBuildPhase section */

/* Begin PBXSourcesBuildPhase section */
		CDEDF5362D87AC6700BC7233 /* Sources */ = {
			isa = PBXSourcesBuildPhase;
			buildActionMask = 2147483647;
			files = (
			);
			runOnlyForDeploymentPostprocessing = 0;
		};
		CDEDF5462D87AC6900BC7233 /* Sources */ = {
			isa = PBXSourcesBuildPhase;
			buildActionMask = 2147483647;
			files = (
			);
			runOnlyForDeploymentPostprocessing = 0;
		};
		CDEDF5502D87AC6900BC7233 /* Sources */ = {
			isa = PBXSourcesBuildPhase;
			buildActionMask = 2147483647;
			files = (
			);
			runOnlyForDeploymentPostprocessing = 0;
		};
/* End PBXSourcesBuildPhase section */

/* Begin PBXTargetDependency section */
		CDEDF54C2D87AC6900BC7233 /* PBXTargetDependency */ = {
			isa = PBXTargetDependency;
			target = CDEDF5392D87AC6700BC7233 /* AppPruebasSwiftDesarrollo */;
			targetProxy = CDEDF54B2D87AC6900BC7233 /* PBXContainerItemProxy */;
		};
		CDEDF5562D87AC6900BC7233 /* PBXTargetDependency */ = {
			isa = PBXTargetDependency;
			target = CDEDF5392D87AC6700BC7233 /* AppPruebasSwiftDesarrollo */;
			targetProxy = CDEDF5552D87AC6900BC7233 /* PBXContainerItemProxy */;
		};
/* End PBXTargetDependency section */

/* Begin XCBuildConfiguration section */
		CDEDF55C2D87AC6900BC7233 /* Debug */ = {
			isa = XCBuildConfiguration;
			buildSettings = {
				ALWAYS_SEARCH_USER_PATHS = NO;
				ASSETCATALOG_COMPILER_GENERATE_SWIFT_ASSET_SYMBOL_EXTENSIONS = YES;
				CLANG_ANALYZER_NONNULL = YES;
				CLANG_ANALYZER_NUMBER_OBJECT_CONVERSION = YES_AGGRESSIVE;
				CLANG_CXX_LANGUAGE_STANDARD = "gnu++20";
				CLANG_ENABLE_MODULES = YES;
				CLANG_ENABLE_OBJC_ARC = YES;
				CLANG_ENABLE_OBJC_WEAK = YES;
				CLANG_WARN_BLOCK_CAPTURE_AUTORELEASING = YES;
				CLANG_WARN_BOOL_CONVERSION = YES;
				CLANG_WARN_COMMA = YES;
				CLANG_WARN_CONSTANT_CONVERSION = YES;
				CLANG_WARN_DEPRECATED_OBJC_IMPLEMENTATIONS = YES;
				CLANG_WARN_DIRECT_OBJC_ISA_USAGE = YES_ERROR;
				CLANG_WARN_DOCUMENTATION_COMMENTS = YES;
				CLANG_WARN_EMPTY_BODY = YES;
				CLANG_WARN_ENUM_CONVERSION = YES;
				CLANG_WARN_INFINITE_RECURSION = YES;
				CLANG_WARN_INT_CONVERSION = YES;
				CLANG_WARN_NON_LITERAL_NULL_CONVERSION = YES;
				CLANG_WARN_OBJC_IMPLICIT_RETAIN_SELF = YES;
				CLANG_WARN_OBJC_LITERAL_CONVERSION = YES;
				CLANG_WARN_OBJC_ROOT_CLASS = YES_ERROR;
				CLANG_WARN_QUOTED_INCLUDE_IN_FRAMEWORK_HEADER = YES;
				CLANG_WARN_RANGE_LOOP_ANALYSIS = YES;
				CLANG_WARN_STRICT_PROTOTYPES = YES;
				CLANG_WARN_SUSPICIOUS_MOVE = YES;
				CLANG_WARN_UNGUARDED_AVAILABILITY = YES_AGGRESSIVE;
				CLANG_WARN_UNREACHABLE_CODE = YES;
				CLANG_WARN__DUPLICATE_METHOD_MATCH = YES;
				COPY_PHASE_STRIP = NO;
				DEBUG_INFORMATION_FORMAT = dwarf;
				ENABLE_STRICT_OBJC_MSGSEND = YES;
				ENABLE_TESTABILITY = YES;
				ENABLE_USER_SCRIPT_SANDBOXING = YES;
				GCC_C_LANGUAGE_STANDARD = gnu17;
				GCC_DYNAMIC_NO_PIC = NO;
				GCC_NO_COMMON_BLOCKS = YES;
				GCC_OPTIMIZATION_LEVEL = 0;
				GCC_PREPROCESSOR_DEFINITIONS = (
					"DEBUG=1",
					"$(inherited)",
				);
				GCC_WARN_64_TO_32_BIT_CONVERSION = YES;
				GCC_WARN_ABOUT_RETURN_TYPE = YES_ERROR;
				GCC_WARN_UNDECLARED_SELECTOR = YES;
				GCC_WARN_UNINITIALIZED_AUTOS = YES_AGGRESSIVE;
				GCC_WARN_UNUSED_FUNCTION = YES;
				GCC_WARN_UNUSED_VARIABLE = YES;
				IPHONEOS_DEPLOYMENT_TARGET = 18.2;
				LOCALIZATION_PREFERS_STRING_CATALOGS = YES;
				MTL_ENABLE_DEBUG_INFO = INCLUDE_SOURCE;
				MTL_FAST_MATH = YES;
				ONLY_ACTIVE_ARCH = YES;
				SDKROOT = iphoneos;
				SWIFT_ACTIVE_COMPILATION_CONDITIONS = "DEBUG $(inherited)";
				SWIFT_OPTIMIZATION_LEVEL = "-Onone";
			};
			name = Debug;
		};
		CDEDF55D2D87AC6900BC7233 /* Release */ = {
			isa = XCBuildConfiguration;
			buildSettings = {
				ALWAYS_SEARCH_USER_PATHS = NO;
				ASSETCATALOG_COMPILER_GENERATE_SWIFT_ASSET_SYMBOL_EXTENSIONS = YES;
				CLANG_ANALYZER_NONNULL = YES;
				CLANG_ANALYZER_NUMBER_OBJECT_CONVERSION = YES_AGGRESSIVE;
				CLANG_CXX_LANGUAGE_STANDARD = "gnu++20";
				CLANG_ENABLE_MODULES = YES;
				CLANG_ENABLE_OBJC_ARC = YES;
				CLANG_ENABLE_OBJC_WEAK = YES;
				CLANG_WARN_BLOCK_CAPTURE_AUTORELEASING = YES;
				CLANG_WARN_BOOL_CONVERSION = YES;
				CLANG_WARN_COMMA = YES;
				CLANG_WARN_CONSTANT_CONVERSION = YES;
				CLANG_WARN_DEPRECATED_OBJC_IMPLEMENTATIONS = YES;
				CLANG_WARN_DIRECT_OBJC_ISA_USAGE = YES_ERROR;
				CLANG_WARN_DOCUMENTATION_COMMENTS = YES;
				CLANG_WARN_EMPTY_BODY = YES;
				CLANG_WARN_ENUM_CONVERSION = YES;
				CLANG_WARN_INFINITE_RECURSION = YES;
				CLANG_WARN_INT_CONVERSION = YES;
				CLANG_WARN_NON_LITERAL_NULL_CONVERSION = YES;
				CLANG_WARN_OBJC_IMPLICIT_RETAIN_SELF = YES;
				CLANG_WARN_OBJC_LITERAL_CONVERSION = YES;
				CLANG_WARN_OBJC_ROOT_CLASS = YES_ERROR;
				CLANG_WARN_QUOTED_INCLUDE_IN_FRAMEWORK_HEADER = YES;
				CLANG_WARN_RANGE_LOOP_ANALYSIS = YES;
				CLANG_WARN_STRICT_PROTOTYPES = YES;
				CLANG_WARN_SUSPICIOUS_MOVE = YES;
				CLANG_WARN_UNGUARDED_AVAILABILITY = YES_AGGRESSIVE;
				CLANG_WARN_UNREACHABLE_CODE = YES;
				CLANG_WARN__DUPLICATE_METHOD_MATCH = YES;
				COPY_PHASE_STRIP = NO;
				DEBUG_INFORMATION_FORMAT = "dwarf-with-dsym";
				ENABLE_NS_ASSERTIONS = NO;
				ENABLE_STRICT_OBJC_MSGSEND = YES;
				ENABLE_USER_SCRIPT_SANDBOXING = YES;
				GCC_C_LANGUAGE_STANDARD = gnu17;
				GCC_NO_COMMON_BLOCKS = YES;
				GCC_WARN_64_TO_32_BIT_CONVERSION = YES;
				GCC_WARN_ABOUT_RETURN_TYPE = YES_ERROR;
				GCC_WARN_UNDECLARED_SELECTOR = YES;
				GCC_WARN_UNINITIALIZED_AUTOS = YES_AGGRESSIVE;
				GCC_WARN_UNUSED_FUNCTION = YES;
				GCC_WARN_UNUSED_VARIABLE = YES;
				IPHONEOS_DEPLOYMENT_TARGET = 18.2;
				LOCALIZATION_PREFERS_STRING_CATALOGS = YES;
				MTL_ENABLE_DEBUG_INFO = NO;
				MTL_FAST_MATH = YES;
				SDKROOT = iphoneos;
				SWIFT_COMPILATION_MODE = wholemodule;
				VALIDATE_PRODUCT = YES;
			};
			name = Release;
		};
		CDEDF55F2D87AC6900BC7233 /* Debug */ = {
			isa = XCBuildConfiguration;
			buildSettings = {
				ASSETCATALOG_COMPILER_APPICON_NAME = AppIcon;
				ASSETCATALOG_COMPILER_GLOBAL_ACCENT_COLOR_NAME = AccentColor;
				CODE_SIGN_STYLE = Automatic;
				CURRENT_PROJECT_VERSION = 1;
				DEVELOPMENT_ASSET_PATHS = "\"AppPruebasSwiftDesarrollo/Preview Content\"";
				DEVELOPMENT_TEAM = 24LNLH6AY2;
				ENABLE_PREVIEWS = YES;
				GENERATE_INFOPLIST_FILE = YES;
				INFOPLIST_KEY_UIApplicationSceneManifest_Generation = YES;
				INFOPLIST_KEY_UIApplicationSupportsIndirectInputEvents = YES;
				INFOPLIST_KEY_UILaunchScreen_Generation = YES;
				INFOPLIST_KEY_UISupportedInterfaceOrientations_iPad = "UIInterfaceOrientationPortrait UIInterfaceOrientationPortraitUpsideDown UIInterfaceOrientationLandscapeLeft UIInterfaceOrientationLandscapeRight";
				INFOPLIST_KEY_UISupportedInterfaceOrientations_iPhone = "UIInterfaceOrientationPortrait UIInterfaceOrientationLandscapeLeft UIInterfaceOrientationLandscapeRight";
				LD_RUNPATH_SEARCH_PATHS = (
					"$(inherited)",
					"@executable_path/Frameworks",
				);
				MARKETING_VERSION = 1.0;
				PRODUCT_BUNDLE_IDENTIFIER = Juanma.AppPruebasSwiftDesarrollo;
				PRODUCT_NAME = "$(TARGET_NAME)";
				SWIFT_EMIT_LOC_STRINGS = YES;
				SWIFT_VERSION = 5.0;
				TARGETED_DEVICE_FAMILY = "1,2";
			};
			name = Debug;
		};
		CDEDF5602D87AC6900BC7233 /* Release */ = {
			isa = XCBuildConfiguration;
			buildSettings = {
				ASSETCATALOG_COMPILER_APPICON_NAME = AppIcon;
				ASSETCATALOG_COMPILER_GLOBAL_ACCENT_COLOR_NAME = AccentColor;
				CODE_SIGN_STYLE = Automatic;
				CURRENT_PROJECT_VERSION = 1;
				DEVELOPMENT_ASSET_PATHS = "\"AppPruebasSwiftDesarrollo/Preview Content\"";
				DEVELOPMENT_TEAM = 24LNLH6AY2;
				ENABLE_PREVIEWS = YES;
				GENERATE_INFOPLIST_FILE = YES;
				INFOPLIST_KEY_UIApplicationSceneManifest_Generation = YES;
				INFOPLIST_KEY_UIApplicationSupportsIndirectInputEvents = YES;
				INFOPLIST_KEY_UILaunchScreen_Generation = YES;
				INFOPLIST_KEY_UISupportedInterfaceOrientations_iPad = "UIInterfaceOrientationPortrait UIInterfaceOrientationPortraitUpsideDown UIInterfaceOrientationLandscapeLeft UIInterfaceOrientationLandscapeRight";
				INFOPLIST_KEY_UISupportedInterfaceOrientations_iPhone = "UIInterfaceOrientationPortrait UIInterfaceOrientationLandscapeLeft UIInterfaceOrientationLandscapeRight";
				LD_RUNPATH_SEARCH_PATHS = (
					"$(inherited)",
					"@executable_path/Frameworks",
				);
				MARKETING_VERSION = 1.0;
				PRODUCT_BUNDLE_IDENTIFIER = Juanma.AppPruebasSwiftDesarrollo;
				PRODUCT_NAME = "$(TARGET_NAME)";
				SWIFT_EMIT_LOC_STRINGS = YES;
				SWIFT_VERSION = 5.0;
				TARGETED_DEVICE_FAMILY = "1,2";
			};
			name = Release;
		};
		CDEDF5622D87AC6900BC7233 /* Debug */ = {
			isa = XCBuildConfiguration;
			buildSettings = {
				BUNDLE_LOADER = "$(TEST_HOST)";
				CODE_SIGN_STYLE = Automatic;
				CURRENT_PROJECT_VERSION = 1;
				DEVELOPMENT_TEAM = 24LNLH6AY2;
				GENERATE_INFOPLIST_FILE = YES;
				IPHONEOS_DEPLOYMENT_TARGET = 18.2;
				MARKETING_VERSION = 1.0;
				PRODUCT_BUNDLE_IDENTIFIER = Juanma.AppPruebasSwiftDesarrolloTests;
				PRODUCT_NAME = "$(TARGET_NAME)";
				SWIFT_EMIT_LOC_STRINGS = NO;
				SWIFT_VERSION = 5.0;
				TARGETED_DEVICE_FAMILY = "1,2";
				TEST_HOST = "$(BUILT_PRODUCTS_DIR)/AppPruebasSwiftDesarrollo.app/$(BUNDLE_EXECUTABLE_FOLDER_PATH)/AppPruebasSwiftDesarrollo";
			};
			name = Debug;
		};
		CDEDF5632D87AC6900BC7233 /* Release */ = {
			isa = XCBuildConfiguration;
			buildSettings = {
				BUNDLE_LOADER = "$(TEST_HOST)";
				CODE_SIGN_STYLE = Automatic;
				CURRENT_PROJECT_VERSION = 1;
				DEVELOPMENT_TEAM = 24LNLH6AY2;
				GENERATE_INFOPLIST_FILE = YES;
				IPHONEOS_DEPLOYMENT_TARGET = 18.2;
				MARKETING_VERSION = 1.0;
				PRODUCT_BUNDLE_IDENTIFIER = Juanma.AppPruebasSwiftDesarrolloTests;
				PRODUCT_NAME = "$(TARGET_NAME)";
				SWIFT_EMIT_LOC_STRINGS = NO;
				SWIFT_VERSION = 5.0;
				TARGETED_DEVICE_FAMILY = "1,2";
				TEST_HOST = "$(BUILT_PRODUCTS_DIR)/AppPruebasSwiftDesarrollo.app/$(BUNDLE_EXECUTABLE_FOLDER_PATH)/AppPruebasSwiftDesarrollo";
			};
			name = Release;
		};
		CDEDF5652D87AC6900BC7233 /* Debug */ = {
			isa = XCBuildConfiguration;
			buildSettings = {
				CODE_SIGN_STYLE = Automatic;
				CURRENT_PROJECT_VERSION = 1;
				DEVELOPMENT_TEAM = 24LNLH6AY2;
				GENERATE_INFOPLIST_FILE = YES;
				MARKETING_VERSION = 1.0;
				PRODUCT_BUNDLE_IDENTIFIER = Juanma.AppPruebasSwiftDesarrolloUITests;
				PRODUCT_NAME = "$(TARGET_NAME)";
				SWIFT_EMIT_LOC_STRINGS = NO;
				SWIFT_VERSION = 5.0;
				TARGETED_DEVICE_FAMILY = "1,2";
				TEST_TARGET_NAME = AppPruebasSwiftDesarrollo;
			};
			name = Debug;
		};
		CDEDF5662D87AC6900BC7233 /* Release */ = {
			isa = XCBuildConfiguration;
			buildSettings = {
				CODE_SIGN_STYLE = Automatic;
				CURRENT_PROJECT_VERSION = 1;
				DEVELOPMENT_TEAM = 24LNLH6AY2;
				GENERATE_INFOPLIST_FILE = YES;
				MARKETING_VERSION = 1.0;
				PRODUCT_BUNDLE_IDENTIFIER = Juanma.AppPruebasSwiftDesarrolloUITests;
				PRODUCT_NAME = "$(TARGET_NAME)";
				SWIFT_EMIT_LOC_STRINGS = NO;
				SWIFT_VERSION = 5.0;
				TARGETED_DEVICE_FAMILY = "1,2";
				TEST_TARGET_NAME = AppPruebasSwiftDesarrollo;
			};
			name = Release;
		};
/* End XCBuildConfiguration section */

/* Begin XCConfigurationList section */
		CDEDF5352D87AC6700BC7233 /* Build configuration list for PBXProject "AppPruebasSwiftDesarrollo" */ = {
			isa = XCConfigurationList;
			buildConfigurations = (
				CDEDF55C2D87AC6900BC7233 /* Debug */,
				CDEDF55D2D87AC6900BC7233 /* Release */,
			);
			defaultConfigurationIsVisible = 0;
			defaultConfigurationName = Release;
		};
		CDEDF55E2D87AC6900BC7233 /* Build configuration list for PBXNativeTarget "AppPruebasSwiftDesarrollo" */ = {
			isa = XCConfigurationList;
			buildConfigurations = (
				CDEDF55F2D87AC6900BC7233 /* Debug */,
				CDEDF5602D87AC6900BC7233 /* Release */,
			);
			defaultConfigurationIsVisible = 0;
			defaultConfigurationName = Release;
		};
		CDEDF5612D87AC6900BC7233 /* Build configuration list for PBXNativeTarget "AppPruebasSwiftDesarrolloTests" */ = {
			isa = XCConfigurationList;
			buildConfigurations = (
				CDEDF5622D87AC6900BC7233 /* Debug */,
				CDEDF5632D87AC6900BC7233 /* Release */,
			);
			defaultConfigurationIsVisible = 0;
			defaultConfigurationName = Release;
		};
		CDEDF5642D87AC6900BC7233 /* Build configuration list for PBXNativeTarget "AppPruebasSwiftDesarrolloUITests" */ = {
			isa = XCConfigurationList;
			buildConfigurations = (
				CDEDF5652D87AC6900BC7233 /* Debug */,
				CDEDF5662D87AC6900BC7233 /* Release */,
			);
			defaultConfigurationIsVisible = 0;
			defaultConfigurationName = Release;
		};
/* End XCConfigurationList section */
	};
	rootObject = CDEDF5322D87AC6700BC7233 /* Project object */;
}
